
Microsoft Visual Studio Solution File, Format Version 12.00
# Visual Studio Version 17
VisualStudioVersion = 17.14.36616.10 d17.14
MinimumVisualStudioVersion = 10.0.40219.1
Project("{FAE04EC0-301F-11D3-BF4B-00C04F79EFBC}") = "MortgageCalculator", "MortgageCalculator.csproj", "{BCCAFC01-01C1-47CC-860A-98F34DC288A9}"
EndProject
Global
	GlobalSection(SolutionConfigurationPlatforms) = preSolution
		Debug|Any CPU = Debug|Any CPU
		Release|Any CPU = Release|Any CPU
	EndGlobalSection
	GlobalSection(ProjectConfigurationPlatforms) = postSolution
		{BCCAFC01-01C1-47CC-860A-98F34DC288A9}.Debug|Any CPU.ActiveCfg = Debug|Any CPU
		{BCCAFC01-01C1-47CC-860A-98F34DC288A9}.Debug|Any CPU.Build.0 = Debug|Any CPU
		{BCCAFC01-01C1-47CC-860A-98F34DC288A9}.Release|Any CPU.ActiveCfg = Release|Any CPU
		{BCCAFC01-01C1-47CC-860A-98F34DC288A9}.Release|Any CPU.Build.0 = Release|Any CPU
	EndGlobalSection
	GlobalSection(SolutionProperties) = preSolution
		HideSolutionNode = FALSE
	EndGlobalSection
	GlobalSection(ExtensibilityGlobals) = postSolution
		SolutionGuid = {368DEF4E-6C3F-4A9C-BE70-E58ED6BFCB72}
	EndGlobalSection
EndGlobal
